{
  "name": "po",
  "lockfileVersion": 3,
  "requires": true,
  "packages": {
    "": {
      "dependencies": {
        "mongoose-execution-time": "^1.1.1"
      }
    },
    "node_modules/mongoose-execution-time": {
      "version": "1.1.1",
      "resolved": "https://registry.npmjs.org/mongoose-execution-time/-/mongoose-execution-time-1.1.1.tgz",
      "integrity": "sha512-1/kp7Gp/HlV2whQvulKTjpKFFYVv1yHfZGJIZiWu05pyWjuKaE3oMaEz59ZgchS5iRDXh6aTzCIKzmlpp+aQ4A==",
      "license": "MIT"
    }
  }
}
